// !$*UTF8*$!
{
	archiveVersion = 1;
	classes = {
	};
	objectVersion = 46;
	objects = {

/* Begin PBXBuildFile section */
		B94660D2E856105E11DA284C /* Preview Assets.xcassets in Resources */ = {isa = PBXBuildFile; fileRef = B94665440762454342E2E46D /* Preview Assets.xcassets */; };
		B94662B400566D249817B0B0 /* ContentView.swift in Sources */ = {isa = PBXBuildFile; fileRef = B94666DF6FCCACB8974A1B6F /* ContentView.swift */; };
		B94662D0B158E5C871713822 /* Assets.xcassets in Resources */ = {isa = PBXBuildFile; fileRef = B9466266613F5830906E28FA /* Assets.xcassets */; };
		B94662DBC3CC7EB78A770A69 /* AppDelegate.swift in Sources */ = {isa = PBXBuildFile; fileRef = B94664E9AE71DA670EAAE4A8 /* AppDelegate.swift */; };
		B946655913CC739A33D93385 /* LaunchScreen.storyboard in Resources */ = {isa = PBXBuildFile; fileRef = B94662C31BFCB1C05490D6FD /* LaunchScreen.storyboard */; };
		B94668122115924B527BF7BC /* SceneDelegate.swift in Sources */ = {isa = PBXBuildFile; fileRef = B946696D4FE8D95D624A9740 /* SceneDelegate.swift */; };
/* End PBXBuildFile section */

/* Begin PBXContainerItemProxy section */
		B9466779D985DE35F72102E6 /* PBXContainerItemProxy */ = {
			isa = PBXContainerItemProxy;
			containerPortal = B946609EEBC89BF1448944F8 /* Project object */;
			proxyType = 1;
			remoteGlobalIDString = B94666F36801481BA217F3BB;
			remoteInfo = WeSplit;
		};
		B9466889FCBB071F5CC0DA58 /* PBXContainerItemProxy */ = {
			isa = PBXContainerItemProxy;
			containerPortal = B946609EEBC89BF1448944F8 /* Project object */;
			proxyType = 1;
			remoteGlobalIDString = B94666F36801481BA217F3BB;
			remoteInfo = WeSplit;
		};
/* End PBXContainerItemProxy section */

/* Begin PBXFileReference section */
		B9466266613F5830906E28FA /* Assets.xcassets */ = {isa = PBXFileReference; lastKnownFileType = folder.assetcatalog; path = Assets.xcassets; sourceTree = "<group>"; };
		B94664E9AE71DA670EAAE4A8 /* AppDelegate.swift */ = {isa = PBXFileReference; lastKnownFileType = sourcecode.swift; path = AppDelegate.swift; sourceTree = "<group>"; };
		B94665440762454342E2E46D /* Preview Assets.xcassets */ = {isa = PBXFileReference; lastKnownFileType = folder.assetcatalog; path = "Preview Assets.xcassets"; sourceTree = "<group>"; };
		B9466668AC659F7C3E9B3066 /* Base */ = {isa = PBXFileReference; lastKnownFileType = file.storyboard; name = Base; path = Base.lproj/LaunchScreen.storyboard; sourceTree = "<group>"; };
		B94666DF6FCCACB8974A1B6F /* ContentView.swift */ = {isa = PBXFileReference; lastKnownFileType = sourcecode.swift; path = ContentView.swift; sourceTree = "<group>"; };
		B94667E57E81D0FF4B12A926 /* Info.plist */ = {isa = PBXFileReference; lastKnownFileType = text.plist.info; path = Info.plist; sourceTree = "<group>"; };
		B946696B27AFB24FFE0FA05B /* WeSplit.app */ = {isa = PBXFileReference; explicitFileType = wrapper.application; includeInIndex = 0; path = WeSplit.app; sourceTree = BUILT_PRODUCTS_DIR; };
		B946696D4FE8D95D624A9740 /* SceneDelegate.swift */ = {isa = PBXFileReference; lastKnownFileType = sourcecode.swift; path = SceneDelegate.swift; sourceTree = "<group>"; };
/* End PBXFileReference section */

/* Begin PBXFrameworksBuildPhase section */
		B9466027BB1CEFF218FFDEC8 /* Frameworks */ = {
			isa = PBXFrameworksBuildPhase;
			buildActionMask = 2147483647;
			files = (
			);
			runOnlyForDeploymentPostprocessing = 0;
		};
		B946603BA9110CF31B288ECA /* Frameworks */ = {
			isa = PBXFrameworksBuildPhase;
			buildActionMask = 2147483647;
			files = (
			);
			runOnlyForDeploymentPostprocessing = 0;
		};
		B9466D3DCD83B476D9AE12FB /* Frameworks */ = {
			isa = PBXFrameworksBuildPhase;
			buildActionMask = 2147483647;
			files = (
			);
			runOnlyForDeploymentPostprocessing = 0;
		};
/* End PBXFrameworksBuildPhase section */

/* Begin PBXGroup section */
		B946624849886ABB9B438C63 /* WeSplit */ = {
			isa = PBXGroup;
			children = (
				B94667E57E81D0FF4B12A926 /* Info.plist */,
				B9466266613F5830906E28FA /* Assets.xcassets */,
				B94662C31BFCB1C05490D6FD /* LaunchScreen.storyboard */,
				B94664E9AE71DA670EAAE4A8 /* AppDelegate.swift */,
				B946696D4FE8D95D624A9740 /* SceneDelegate.swift */,
				B94666DF6FCCACB8974A1B6F /* ContentView.swift */,
				B9466E89994C4846CDC0086A /* Preview Content */,
			);
			path = WeSplit;
			sourceTree = "<group>";
		};
		B94663024AD1BADB71B0958A = {
			isa = PBXGroup;
			children = (
				B94663DFEDD86A7FB3644BAD /* Products */,
				B946624849886ABB9B438C63 /* WeSplit */,
			);
			sourceTree = "<group>";
		};
		B94663DFEDD86A7FB3644BAD /* Products */ = {
			isa = PBXGroup;
			children = (
				B946696B27AFB24FFE0FA05B /* WeSplit.app */,
			);
			name = Products;
			sourceTree = "<group>";
		};
		B9466E89994C4846CDC0086A /* Preview Content */ = {
			isa = PBXGroup;
			children = (
				B94665440762454342E2E46D /* Preview Assets.xcassets */,
			);
			path = "Preview Content";
			sourceTree = "<group>";
		};
/* End PBXGroup section */

/* Begin PBXNativeTarget section */
		B94661A9609686103DED3D8E /* WeSplitUITests */ = {
			isa = PBXNativeTarget;
			buildConfigurationList = B9466F46E72FD8EAE8DBA21E /* Build configuration list for PBXNativeTarget "WeSplitUITests" */;
			buildPhases = (
				B9466F026CB36208C6CF2620 /* Sources */,
				B946603BA9110CF31B288ECA /* Frameworks */,
				B9466939917B213AFF7F6AFB /* Resources */,
			);
			buildRules = (
			);
			dependencies = (
				B9466A7A7D637ED57947C130 /* PBXTargetDependency */,
			);
			name = WeSplitUITests;
			productName = WeSplitUITests;
			productType = "com.apple.product-type.bundle.ui-testing";
		};
		B9466254F8B33CDC43374F81 /* WeSplitTests */ = {
			isa = PBXNativeTarget;
			buildConfigurationList = B9466EB227C555C684B39050 /* Build configuration list for PBXNativeTarget "WeSplitTests" */;
			buildPhases = (
				B946669FBDC651BD5140A02C /* Sources */,
				B9466D3DCD83B476D9AE12FB /* Frameworks */,
				B9466170BE4AE98420B8A307 /* Resources */,
			);
			buildRules = (
			);
			dependencies = (
				B94661EB1A64A6D549E41CCF /* PBXTargetDependency */,
			);
			name = WeSplitTests;
			productName = WeSplitTests;
			productType = "com.apple.product-type.bundle.unit-test";
		};
		B94666F36801481BA217F3BB /* WeSplit */ = {
			isa = PBXNativeTarget;
			buildConfigurationList = B9466EAD79FC88C1D395177A /* Build configuration list for PBXNativeTarget "WeSplit" */;
			buildPhases = (
				B94668FD701AF90D0864AAA9 /* Sources */,
				B9466027BB1CEFF218FFDEC8 /* Frameworks */,
				B94661D337D89D947751B989 /* Resources */,
			);
			buildRules = (
			);
			dependencies = (
			);
			name = WeSplit;
			productName = WeSplit;
			productReference = B946696B27AFB24FFE0FA05B /* WeSplit.app */;
			productType = "com.apple.product-type.application";
		};
/* End PBXNativeTarget section */

/* Begin PBXProject section */
		B946609EEBC89BF1448944F8 /* Project object */ = {
			isa = PBXProject;
			attributes = {
				ORGANIZATIONNAME = iksaku;
			};
			buildConfigurationList = B9466B3A306AFA76D4915087 /* Build configuration list for PBXProject "WeSplit" */;
			compatibilityVersion = "Xcode 3.2";
			developmentRegion = English;
			hasScannedForEncodings = 0;
			knownRegions = (
				English,
				en,
				Base,
			);
			mainGroup = B94663024AD1BADB71B0958A;
			productRefGroup = B94663DFEDD86A7FB3644BAD /* Products */;
			projectDirPath = "";
			projectRoot = "";
			targets = (
				B94666F36801481BA217F3BB /* WeSplit */,
				B9466254F8B33CDC43374F81 /* WeSplitTests */,
				B94661A9609686103DED3D8E /* WeSplitUITests */,
			);
		};
/* End PBXProject section */

/* Begin PBXResourcesBuildPhase section */
		B9466170BE4AE98420B8A307 /* Resources */ = {
			isa = PBXResourcesBuildPhase;
			buildActionMask = 2147483647;
			files = (
			);
			runOnlyForDeploymentPostprocessing = 0;
		};
		B94661D337D89D947751B989 /* Resources */ = {
			isa = PBXResourcesBuildPhase;
			buildActionMask = 2147483647;
			files = (
				B94662D0B158E5C871713822 /* Assets.xcassets in Resources */,
				B946655913CC739A33D93385 /* LaunchScreen.storyboard in Resources */,
				B94660D2E856105E11DA284C /* Preview Assets.xcassets in Resources */,
			);
			runOnlyForDeploymentPostprocessing = 0;
		};
		B9466939917B213AFF7F6AFB /* Resources */ = {
			isa = PBXResourcesBuildPhase;
			buildActionMask = 2147483647;
			files = (
			);
			runOnlyForDeploymentPostprocessing = 0;
		};
/* End PBXResourcesBuildPhase section */

/* Begin PBXSourcesBuildPhase section */
		B946669FBDC651BD5140A02C /* Sources */ = {
			isa = PBXSourcesBuildPhase;
			buildActionMask = 2147483647;
			files = (
			);
			runOnlyForDeploymentPostprocessing = 0;
		};
		B94668FD701AF90D0864AAA9 /* Sources */ = {
			isa = PBXSourcesBuildPhase;
			buildActionMask = 2147483647;
			files = (
				B94662DBC3CC7EB78A770A69 /* AppDelegate.swift in Sources */,
				B94668122115924B527BF7BC /* SceneDelegate.swift in Sources */,
				B94662B400566D249817B0B0 /* ContentView.swift in Sources */,
			);
			runOnlyForDeploymentPostprocessing = 0;
		};
		B9466F026CB36208C6CF2620 /* Sources */ = {
			isa = PBXSourcesBuildPhase;
			buildActionMask = 2147483647;
			files = (
			);
			runOnlyForDeploymentPostprocessing = 0;
		};
/* End PBXSourcesBuildPhase section */

/* Begin PBXTargetDependency section */
		B94661EB1A64A6D549E41CCF /* PBXTargetDependency */ = {
			isa = PBXTargetDependency;
			target = B94666F36801481BA217F3BB /* WeSplit */;
			targetProxy = B9466779D985DE35F72102E6 /* PBXContainerItemProxy */;
		};
		B9466A7A7D637ED57947C130 /* PBXTargetDependency */ = {
			isa = PBXTargetDependency;
			target = B94666F36801481BA217F3BB /* WeSplit */;
			targetProxy = B9466889FCBB071F5CC0DA58 /* PBXContainerItemProxy */;
		};
/* End PBXTargetDependency section */

/* Begin PBXVariantGroup section */
		B94662C31BFCB1C05490D6FD /* LaunchScreen.storyboard */ = {
			isa = PBXVariantGroup;
			children = (
				B9466668AC659F7C3E9B3066 /* Base */,
			);
			name = LaunchScreen.storyboard;
			sourceTree = "<group>";
		};
/* End PBXVariantGroup section */

/* Begin XCBuildConfiguration section */
		B946601874A98F393B1CB420 /* Release */ = {
			isa = XCBuildConfiguration;
			buildSettings = {
				ASSETCATALOG_COMPILER_APPICON_NAME = AppIcon;
				DEVELOPMENT_ASSET_PATHS = "\"WeSplit/Preview Content\"";
				ENABLE_PREVIEWS = YES;
				INFOPLIST_FILE = WeSplit/Info.plist;
				LD_RUNPATH_SEARCH_PATHS = "$(inherited) @executable_path/Frameworks";
				PRODUCT_BUNDLE_IDENTIFIER = com.iksaku.WeSplit;
				PRODUCT_NAME = "$(TARGET_NAME)";
				SWIFT_VERSION = 5.0;
				TARGETED_DEVICE_FAMILY = "1,2";
			};
			name = Release;
		};
		B946674DF01729217F810903 /* Release */ = {
			isa = XCBuildConfiguration;
			buildSettings = {
				BUNDLE_LOADER = "$(BUILT_PRODUCTS_DIR)/WeSplit.app/WeSplit";
				INFOPLIST_FILE = WeSplitTests/Info.plist;
				LD_RUNPATH_SEARCH_PATHS = "$(inherited) @executable_path/Frameworks @loader_path/Frameworks";
				PRODUCT_BUNDLE_IDENTIFIER = com.iksaku.WeSplitTests;
				PRODUCT_NAME = "$(TARGET_NAME)";
				SWIFT_VERSION = 5.0;
				TARGETED_DEVICE_FAMILY = "1,2";
				TEST_HOST = "$(BUNDLE_LOADER)";
			};
			name = Release;
		};
		B946697CF734D8F311F29BA2 /* Debug */ = {
			isa = XCBuildConfiguration;
			buildSettings = {
				ASSETCATALOG_COMPILER_APPICON_NAME = AppIcon;
				DEVELOPMENT_ASSET_PATHS = "\"WeSplit/Preview Content\"";
				ENABLE_PREVIEWS = YES;
				INFOPLIST_FILE = WeSplit/Info.plist;
				LD_RUNPATH_SEARCH_PATHS = "$(inherited) @executable_path/Frameworks";
				PRODUCT_BUNDLE_IDENTIFIER = com.iksaku.WeSplit;
				PRODUCT_NAME = "$(TARGET_NAME)";
				SWIFT_VERSION = 5.0;
				TARGETED_DEVICE_FAMILY = "1,2";
			};
			name = Debug;
		};
		B94669FB6985844FBA91AE38 /* Debug */ = {
			isa = XCBuildConfiguration;
			buildSettings = {
				INFOPLIST_FILE = WeSplitUITests/Info.plist;
				LD_RUNPATH_SEARCH_PATHS = "$(inherited) @executable_path/Frameworks @loader_path/Frameworks";
				PRODUCT_BUNDLE_IDENTIFIER = com.iksaku.WeSplitUITests;
				PRODUCT_NAME = "$(TARGET_NAME)";
				SWIFT_VERSION = 5.0;
				TARGETED_DEVICE_FAMILY = "1,2";
				TEST_TARGET_NAME = WeSplit;
			};
			name = Debug;
		};
		B9466D89A65DAC2396ED56C8 /* Debug */ = {
			isa = XCBuildConfiguration;
			buildSettings = {
				BUNDLE_LOADER = "$(BUILT_PRODUCTS_DIR)/WeSplit.app/WeSplit";
				INFOPLIST_FILE = WeSplitTests/Info.plist;
				LD_RUNPATH_SEARCH_PATHS = "$(inherited) @executable_path/Frameworks @loader_path/Frameworks";
				PRODUCT_BUNDLE_IDENTIFIER = com.iksaku.WeSplitTests;
				PRODUCT_NAME = "$(TARGET_NAME)";
				SWIFT_VERSION = 5.0;
				TARGETED_DEVICE_FAMILY = "1,2";
				TEST_HOST = "$(BUNDLE_LOADER)";
			};
			name = Debug;
		};
		B9466D8CFE678C2C5C5319A4 /* Release */ = {
			isa = XCBuildConfiguration;
			buildSettings = {
				INFOPLIST_FILE = WeSplitUITests/Info.plist;
				LD_RUNPATH_SEARCH_PATHS = "$(inherited) @executable_path/Frameworks @loader_path/Frameworks";
				PRODUCT_BUNDLE_IDENTIFIER = com.iksaku.WeSplitUITests;
				PRODUCT_NAME = "$(TARGET_NAME)";
				SWIFT_VERSION = 5.0;
				TARGETED_DEVICE_FAMILY = "1,2";
				TEST_TARGET_NAME = WeSplit;
			};
			name = Release;
		};
		B9466DA1D3F59C45DF240D91 /* Debug */ = {
			isa = XCBuildConfiguration;
			buildSettings = {
				ALWAYS_SEARCH_USER_PATHS = NO;
				CLANG_ANALYZER_NONNULL = YES;
				CLANG_ANALYZER_NUMBER_OBJECT_CONVERSION = YES_AGGRESSIVE;
				CLANG_CXX_LANGUAGE_STANDARD = "gnu++14";
				CLANG_CXX_LIBRARY = "libc++";
				CLANG_ENABLE_MODULES = YES;
				CLANG_ENABLE_OBJC_ARC = YES;
				CLANG_ENABLE_OBJC_WEAK = YES;
				CLANG_WARN_BLOCK_CAPTURE_AUTORELEASING = YES;
				CLANG_WARN_BOOL_CONVERSION = YES;
				CLANG_WARN_COMMA = YES;
				CLANG_WARN_CONSTANT_CONVERSION = YES;
				CLANG_WARN_DEPRECATED_OBJC_IMPLEMENTATIONS = YES;
				CLANG_WARN_DIRECT_OBJC_ISA_USAGE = YES_ERROR;
				CLANG_WARN_DOCUMENTATION_COMMENTS = YES;
				CLANG_WARN_EMPTY_BODY = YES;
				CLANG_WARN_ENUM_CONVERSION = YES;
				CLANG_WARN_INFINITE_RECURSION = YES;
				CLANG_WARN_INT_CONVERSION = YES;
				CLANG_WARN_NON_LITERAL_NULL_CONVERSION = YES;
				CLANG_WARN_OBJC_IMPLICIT_RETAIN_SELF = YES;
				CLANG_WARN_OBJC_LITERAL_CONVERSION = YES;
				CLANG_WARN_OBJC_ROOT_CLASS = YES_ERROR;
				CLANG_WARN_RANGE_LOOP_ANALYSIS = YES;
				CLANG_WARN_STRICT_PROTOTYPES = YES;
				CLANG_WARN_SUSPICIOUS_MOVE = YES;
				CLANG_WARN_UNGUARDED_AVAILABILITY = YES_AGGRESSIVE;
				CLANG_WARN_UNREACHABLE_CODE = YES;
				CLANG_WARN__DUPLICATE_METHOD_MATCH = YES;
				COPY_PHASE_STRIP = NO;
				DEBUG_INFORMATION_FORMAT = dwarf;
				ENABLE_STRICT_OBJC_MSGSEND = YES;
				ENABLE_TESTABILITY = YES;
				GCC_C_LANGUAGE_STANDARD = gnu11;
				GCC_DYNAMIC_NO_PIC = NO;
				GCC_NO_COMMON_BLOCKS = YES;
				GCC_OPTIMIZATION_LEVEL = 0;
				GCC_PREPROCESSOR_DEFINITIONS = (
					"DEBUG=1",
					"$(inherited)",
				);
				GCC_WARN_64_TO_32_BIT_CONVERSION = YES;
				GCC_WARN_ABOUT_RETURN_TYPE = YES_ERROR;
				GCC_WARN_UNDECLARED_SELECTOR = YES;
				GCC_WARN_UNINITIALIZED_AUTOS = YES_AGGRESSIVE;
				GCC_WARN_UNUSED_FUNCTION = YES;
				GCC_WARN_UNUSED_VARIABLE = YES;
				IPHONEOS_DEPLOYMENT_TARGET = 13.6;
				MTL_ENABLE_DEBUG_INFO = INCLUDE_SOURCE;
				MTL_FAST_MATH = YES;
				ONLY_ACTIVE_ARCH = YES;
				SDKROOT = iphoneos;
				SWIFT_ACTIVE_COMPILATION_CONDITIONS = DEBUG;
				SWIFT_OPTIMIZATION_LEVEL = "-Onone";
			};
			name = Debug;
		};
		B9466DC13F9C693143F1A094 /* Release */ = {
			isa = XCBuildConfiguration;
			buildSettings = {
				ALWAYS_SEARCH_USER_PATHS = NO;
				CLANG_ANALYZER_NONNULL = YES;
				CLANG_ANALYZER_NUMBER_OBJECT_CONVERSION = YES_AGGRESSIVE;
				CLANG_CXX_LANGUAGE_STANDARD = "gnu++14";
				CLANG_CXX_LIBRARY = "libc++";
				CLANG_ENABLE_MODULES = YES;
				CLANG_ENABLE_OBJC_ARC = YES;
				CLANG_ENABLE_OBJC_WEAK = YES;
				CLANG_WARN_BLOCK_CAPTURE_AUTORELEASING = YES;
				CLANG_WARN_BOOL_CONVERSION = YES;
				CLANG_WARN_COMMA = YES;
				CLANG_WARN_CONSTANT_CONVERSION = YES;
				CLANG_WARN_DEPRECATED_OBJC_IMPLEMENTATIONS = YES;
				CLANG_WARN_DIRECT_OBJC_ISA_USAGE = YES_ERROR;
				CLANG_WARN_DOCUMENTATION_COMMENTS = YES;
				CLANG_WARN_EMPTY_BODY = YES;
				CLANG_WARN_ENUM_CONVERSION = YES;
				CLANG_WARN_INFINITE_RECURSION = YES;
				CLANG_WARN_INT_CONVERSION = YES;
				CLANG_WARN_NON_LITERAL_NULL_CONVERSION = YES;
				CLANG_WARN_OBJC_IMPLICIT_RETAIN_SELF = YES;
				CLANG_WARN_OBJC_LITERAL_CONVERSION = YES;
				CLANG_WARN_OBJC_ROOT_CLASS = YES_ERROR;
				CLANG_WARN_RANGE_LOOP_ANALYSIS = YES;
				CLANG_WARN_STRICT_PROTOTYPES = YES;
				CLANG_WARN_SUSPICIOUS_MOVE = YES;
				CLANG_WARN_UNGUARDED_AVAILABILITY = YES_AGGRESSIVE;
				CLANG_WARN_UNREACHABLE_CODE = YES;
				CLANG_WARN__DUPLICATE_METHOD_MATCH = YES;
				COPY_PHASE_STRIP = NO;
				DEBUG_INFORMATION_FORMAT = "dwarf-with-dsym";
				ENABLE_NS_ASSERTIONS = NO;
				ENABLE_STRICT_OBJC_MSGSEND = YES;
				GCC_C_LANGUAGE_STANDARD = gnu11;
				GCC_NO_COMMON_BLOCKS = YES;
				GCC_WARN_64_TO_32_BIT_CONVERSION = YES;
				GCC_WARN_ABOUT_RETURN_TYPE = YES_ERROR;
				GCC_WARN_UNDECLARED_SELECTOR = YES;
				GCC_WARN_UNINITIALIZED_AUTOS = YES_AGGRESSIVE;
				GCC_WARN_UNUSED_FUNCTION = YES;
				GCC_WARN_UNUSED_VARIABLE = YES;
				IPHONEOS_DEPLOYMENT_TARGET = 13.6;
				MTL_ENABLE_DEBUG_INFO = NO;
				MTL_FAST_MATH = YES;
				SDKROOT = iphoneos;
				SWIFT_OPTIMIZATION_LEVEL = "-Owholemodule";
				VALIDATE_PRODUCT = YES;
			};
			name = Release;
		};
/* End XCBuildConfiguration section */

/* Begin XCConfigurationList section */
		B9466B3A306AFA76D4915087 /* Build configuration list for PBXProject "WeSplit" */ = {
			isa = XCConfigurationList;
			buildConfigurations = (
				B9466DA1D3F59C45DF240D91 /* Debug */,
				B9466DC13F9C693143F1A094 /* Release */,
			);
			defaultConfigurationIsVisible = 0;
			defaultConfigurationName = Release;
		};
		B9466EAD79FC88C1D395177A /* Build configuration list for PBXNativeTarget "WeSplit" */ = {
			isa = XCConfigurationList;
			buildConfigurations = (
				B946697CF734D8F311F29BA2 /* Debug */,
				B946601874A98F393B1CB420 /* Release */,
			);
			defaultConfigurationIsVisible = 0;
			defaultConfigurationName = Release;
		};
		B9466EB227C555C684B39050 /* Build configuration list for PBXNativeTarget "WeSplitTests" */ = {
			isa = XCConfigurationList;
			buildConfigurations = (
				B9466D89A65DAC2396ED56C8 /* Debug */,
				B946674DF01729217F810903 /* Release */,
			);
			defaultConfigurationIsVisible = 0;
			defaultConfigurationName = Release;
		};
		B9466F46E72FD8EAE8DBA21E /* Build configuration list for PBXNativeTarget "WeSplitUITests" */ = {
			isa = XCConfigurationList;
			buildConfigurations = (
				B94669FB6985844FBA91AE38 /* Debug */,
				B9466D8CFE678C2C5C5319A4 /* Release */,
			);
			defaultConfigurationIsVisible = 0;
			defaultConfigurationName = Release;
		};
/* End XCConfigurationList section */
	};
	rootObject = B946609EEBC89BF1448944F8 /* Project object */;
}
